
Microsoft Visual Studio Solution File, Format Version 12.00
# Visual Studio Version 16
VisualStudioVersion = 16.0.30621.155
MinimumVisualStudioVersion = 10.0.40219.1
Project("{FAE04EC0-301F-11D3-BF4B-00C04F79EFBC}") = "NovusIntro", "NovusIntro\NovusIntro.csproj", "{78CAACF1-0C41-4FF8-B405-17CB0E75D02B}"
EndProject
Project("{FAE04EC0-301F-11D3-BF4B-00C04F79EFBC}") = "HigherLower", "HigherLower\HigherLower.csproj", "{27A4A3CA-E5DB-4EA7-B646-F805EA0DFA90}"
EndProject
Project("{FAE04EC0-301F-11D3-BF4B-00C04F79EFBC}") = "ShapeCalculator", "ShapeCalculator\ShapeCalculator.csproj", "{2C447DE5-AB32-41D6-B70A-EBEE7BE19460}"
EndProject
Project("{FAE04EC0-301F-11D3-BF4B-00C04F79EFBC}") = "UsingADO", "UsingADO\UsingADO.csproj", "{B9B6F174-446C-4CE9-A47E-BB7AD25D1F7A}"
EndProject
Project("{FAE04EC0-301F-11D3-BF4B-00C04F79EFBC}") = "LearnASP", "LearnASP\LearnASP.csproj", "{59F090F0-2451-4D46-85AF-69FF724492A4}"
EndProject
Project("{FAE04EC0-301F-11D3-BF4B-00C04F79EFBC}") = "WebADO", "WebADO\WebADO.csproj", "{0145A145-1D39-4741-8600-C970BA2CD089}"
EndProject
Project("{FAE04EC0-301F-11D3-BF4B-00C04F79EFBC}") = "MVCWithASP", "MVCWithASP\MVCWithASP.csproj", "{F7616949-D942-4858-BD98-CF333F5494B2}"
EndProject
Project("{FAE04EC0-301F-11D3-BF4B-00C04F79EFBC}") = "MVCWithASP.Data", "MVCWithASP.Data\MVCWithASP.Data.csproj", "{3526DAFA-FAF4-4E73-84DE-16AA3FE6D593}"
EndProject
Project("{FAE04EC0-301F-11D3-BF4B-00C04F79EFBC}") = "MVCProductsApp", "MVCProductsApp\MVCProductsApp.csproj", "{19C36264-A4F8-4C72-9DF2-891DE23C1DF3}"
EndProject
Project("{FAE04EC0-301F-11D3-BF4B-00C04F79EFBC}") = "MVCNorthwindApp", "MVCNorthwindApp\MVCNorthwindApp.csproj", "{927E0152-47F2-41F6-B7E2-221422D82750}"
EndProject
Project("{FAE04EC0-301F-11D3-BF4B-00C04F79EFBC}") = "CRUDLib", "CRUDLib\CRUDLib.csproj", "{C49A1F81-7D4C-47F0-9D18-E17C577A3FEA}"
EndProject
Project("{FAE04EC0-301F-11D3-BF4B-00C04F79EFBC}") = "CRUDWebAPI", "CRUDWebAPI\CRUDWebAPI.csproj", "{579D57A7-C621-4F7D-B77E-78E0917DD1C8}"
EndProject
Project("{FAE04EC0-301F-11D3-BF4B-00C04F79EFBC}") = "AngularApp", "AngularApp\AngularApp.csproj", "{8AD58B1B-E7B5-43B6-B82C-D83753CF97A4}"
EndProject
Global
	GlobalSection(SolutionConfigurationPlatforms) = preSolution
		Debug|Any CPU = Debug|Any CPU
		Release|Any CPU = Release|Any CPU
	EndGlobalSection
	GlobalSection(ProjectConfigurationPlatforms) = postSolution
		{78CAACF1-0C41-4FF8-B405-17CB0E75D02B}.Debug|Any CPU.ActiveCfg = Debug|Any CPU
		{78CAACF1-0C41-4FF8-B405-17CB0E75D02B}.Debug|Any CPU.Build.0 = Debug|Any CPU
		{78CAACF1-0C41-4FF8-B405-17CB0E75D02B}.Release|Any CPU.ActiveCfg = Release|Any CPU
		{78CAACF1-0C41-4FF8-B405-17CB0E75D02B}.Release|Any CPU.Build.0 = Release|Any CPU
		{27A4A3CA-E5DB-4EA7-B646-F805EA0DFA90}.Debug|Any CPU.ActiveCfg = Debug|Any CPU
		{27A4A3CA-E5DB-4EA7-B646-F805EA0DFA90}.Debug|Any CPU.Build.0 = Debug|Any CPU
		{27A4A3CA-E5DB-4EA7-B646-F805EA0DFA90}.Release|Any CPU.ActiveCfg = Release|Any CPU
		{27A4A3CA-E5DB-4EA7-B646-F805EA0DFA90}.Release|Any CPU.Build.0 = Release|Any CPU
		{2C447DE5-AB32-41D6-B70A-EBEE7BE19460}.Debug|Any CPU.ActiveCfg = Debug|Any CPU
		{2C447DE5-AB32-41D6-B70A-EBEE7BE19460}.Debug|Any CPU.Build.0 = Debug|Any CPU
		{2C447DE5-AB32-41D6-B70A-EBEE7BE19460}.Release|Any CPU.ActiveCfg = Release|Any CPU
		{2C447DE5-AB32-41D6-B70A-EBEE7BE19460}.Release|Any CPU.Build.0 = Release|Any CPU
		{B9B6F174-446C-4CE9-A47E-BB7AD25D1F7A}.Debug|Any CPU.ActiveCfg = Debug|Any CPU
		{B9B6F174-446C-4CE9-A47E-BB7AD25D1F7A}.Debug|Any CPU.Build.0 = Debug|Any CPU
		{B9B6F174-446C-4CE9-A47E-BB7AD25D1F7A}.Release|Any CPU.ActiveCfg = Release|Any CPU
		{B9B6F174-446C-4CE9-A47E-BB7AD25D1F7A}.Release|Any CPU.Build.0 = Release|Any CPU
		{59F090F0-2451-4D46-85AF-69FF724492A4}.Debug|Any CPU.ActiveCfg = Debug|Any CPU
		{59F090F0-2451-4D46-85AF-69FF724492A4}.Debug|Any CPU.Build.0 = Debug|Any CPU
		{59F090F0-2451-4D46-85AF-69FF724492A4}.Release|Any CPU.ActiveCfg = Release|Any CPU
		{59F090F0-2451-4D46-85AF-69FF724492A4}.Release|Any CPU.Build.0 = Release|Any CPU
		{0145A145-1D39-4741-8600-C970BA2CD089}.Debug|Any CPU.ActiveCfg = Debug|Any CPU
		{0145A145-1D39-4741-8600-C970BA2CD089}.Debug|Any CPU.Build.0 = Debug|Any CPU
		{0145A145-1D39-4741-8600-C970BA2CD089}.Release|Any CPU.ActiveCfg = Release|Any CPU
		{0145A145-1D39-4741-8600-C970BA2CD089}.Release|Any CPU.Build.0 = Release|Any CPU
		{F7616949-D942-4858-BD98-CF333F5494B2}.Debug|Any CPU.ActiveCfg = Debug|Any CPU
		{F7616949-D942-4858-BD98-CF333F5494B2}.Debug|Any CPU.Build.0 = Debug|Any CPU
		{F7616949-D942-4858-BD98-CF333F5494B2}.Release|Any CPU.ActiveCfg = Release|Any CPU
		{F7616949-D942-4858-BD98-CF333F5494B2}.Release|Any CPU.Build.0 = Release|Any CPU
		{3526DAFA-FAF4-4E73-84DE-16AA3FE6D593}.Debug|Any CPU.ActiveCfg = Debug|Any CPU
		{3526DAFA-FAF4-4E73-84DE-16AA3FE6D593}.Debug|Any CPU.Build.0 = Debug|Any CPU
		{3526DAFA-FAF4-4E73-84DE-16AA3FE6D593}.Release|Any CPU.ActiveCfg = Release|Any CPU
		{3526DAFA-FAF4-4E73-84DE-16AA3FE6D593}.Release|Any CPU.Build.0 = Release|Any CPU
		{19C36264-A4F8-4C72-9DF2-891DE23C1DF3}.Debug|Any CPU.ActiveCfg = Debug|Any CPU
		{19C36264-A4F8-4C72-9DF2-891DE23C1DF3}.Debug|Any CPU.Build.0 = Debug|Any CPU
		{19C36264-A4F8-4C72-9DF2-891DE23C1DF3}.Release|Any CPU.ActiveCfg = Release|Any CPU
		{19C36264-A4F8-4C72-9DF2-891DE23C1DF3}.Release|Any CPU.Build.0 = Release|Any CPU
		{927E0152-47F2-41F6-B7E2-221422D82750}.Debug|Any CPU.ActiveCfg = Debug|Any CPU
		{927E0152-47F2-41F6-B7E2-221422D82750}.Debug|Any CPU.Build.0 = Debug|Any CPU
		{927E0152-47F2-41F6-B7E2-221422D82750}.Release|Any CPU.ActiveCfg = Release|Any CPU
		{927E0152-47F2-41F6-B7E2-221422D82750}.Release|Any CPU.Build.0 = Release|Any CPU
		{C49A1F81-7D4C-47F0-9D18-E17C577A3FEA}.Debug|Any CPU.ActiveCfg = Debug|Any CPU
		{C49A1F81-7D4C-47F0-9D18-E17C577A3FEA}.Debug|Any CPU.Build.0 = Debug|Any CPU
		{C49A1F81-7D4C-47F0-9D18-E17C577A3FEA}.Release|Any CPU.ActiveCfg = Release|Any CPU
		{C49A1F81-7D4C-47F0-9D18-E17C577A3FEA}.Release|Any CPU.Build.0 = Release|Any CPU
		{579D57A7-C621-4F7D-B77E-78E0917DD1C8}.Debug|Any CPU.ActiveCfg = Debug|Any CPU
		{579D57A7-C621-4F7D-B77E-78E0917DD1C8}.Debug|Any CPU.Build.0 = Debug|Any CPU
		{579D57A7-C621-4F7D-B77E-78E0917DD1C8}.Release|Any CPU.ActiveCfg = Release|Any CPU
		{579D57A7-C621-4F7D-B77E-78E0917DD1C8}.Release|Any CPU.Build.0 = Release|Any CPU
		{8AD58B1B-E7B5-43B6-B82C-D83753CF97A4}.Debug|Any CPU.ActiveCfg = Debug|Any CPU
		{8AD58B1B-E7B5-43B6-B82C-D83753CF97A4}.Debug|Any CPU.Build.0 = Debug|Any CPU
		{8AD58B1B-E7B5-43B6-B82C-D83753CF97A4}.Release|Any CPU.ActiveCfg = Release|Any CPU
		{8AD58B1B-E7B5-43B6-B82C-D83753CF97A4}.Release|Any CPU.Build.0 = Release|Any CPU
	EndGlobalSection
	GlobalSection(SolutionProperties) = preSolution
		HideSolutionNode = FALSE
	EndGlobalSection
	GlobalSection(ExtensibilityGlobals) = postSolution
		SolutionGuid = {AB0FA63D-B2F6-4980-9945-DB184C371021}
	EndGlobalSection
EndGlobal
