
Microsoft Visual Studio Solution File, Format Version 12.00
# Visual Studio Version 16
VisualStudioVersion = 16.0.30621.155
MinimumVisualStudioVersion = 10.0.40219.1
Project("{FAE04EC0-301F-11D3-BF4B-00C04F79EFBC}") = "NovusIntro", "NovusIntro\NovusIntro.csproj", "{78CAACF1-0C41-4FF8-B405-17CB0E75D02B}"
EndProject
Project("{FAE04EC0-301F-11D3-BF4B-00C04F79EFBC}") = "HigherLower", "HigherLower\HigherLower.csproj", "{27A4A3CA-E5DB-4EA7-B646-F805EA0DFA90}"
EndProject
Project("{FAE04EC0-301F-11D3-BF4B-00C04F79EFBC}") = "ShapeCalculator", "ShapeCalculator\ShapeCalculator.csproj", "{2C447DE5-AB32-41D6-B70A-EBEE7BE19460}"
EndProject
Project("{FAE04EC0-301F-11D3-BF4B-00C04F79EFBC}") = "UsingADO", "UsingADO\UsingADO.csproj", "{B9B6F174-446C-4CE9-A47E-BB7AD25D1F7A}"
EndProject
Global
	GlobalSection(SolutionConfigurationPlatforms) = preSolution
		Debug|Any CPU = Debug|Any CPU
		Release|Any CPU = Release|Any CPU
	EndGlobalSection
	GlobalSection(ProjectConfigurationPlatforms) = postSolution
		{78CAACF1-0C41-4FF8-B405-17CB0E75D02B}.Debug|Any CPU.ActiveCfg = Debug|Any CPU
		{78CAACF1-0C41-4FF8-B405-17CB0E75D02B}.Debug|Any CPU.Build.0 = Debug|Any CPU
		{78CAACF1-0C41-4FF8-B405-17CB0E75D02B}.Release|Any CPU.ActiveCfg = Release|Any CPU
		{78CAACF1-0C41-4FF8-B405-17CB0E75D02B}.Release|Any CPU.Build.0 = Release|Any CPU
		{27A4A3CA-E5DB-4EA7-B646-F805EA0DFA90}.Debug|Any CPU.ActiveCfg = Debug|Any CPU
		{27A4A3CA-E5DB-4EA7-B646-F805EA0DFA90}.Debug|Any CPU.Build.0 = Debug|Any CPU
		{27A4A3CA-E5DB-4EA7-B646-F805EA0DFA90}.Release|Any CPU.ActiveCfg = Release|Any CPU
		{27A4A3CA-E5DB-4EA7-B646-F805EA0DFA90}.Release|Any CPU.Build.0 = Release|Any CPU
		{2C447DE5-AB32-41D6-B70A-EBEE7BE19460}.Debug|Any CPU.ActiveCfg = Debug|Any CPU
		{2C447DE5-AB32-41D6-B70A-EBEE7BE19460}.Debug|Any CPU.Build.0 = Debug|Any CPU
		{2C447DE5-AB32-41D6-B70A-EBEE7BE19460}.Release|Any CPU.ActiveCfg = Release|Any CPU
		{2C447DE5-AB32-41D6-B70A-EBEE7BE19460}.Release|Any CPU.Build.0 = Release|Any CPU
		{B9B6F174-446C-4CE9-A47E-BB7AD25D1F7A}.Debug|Any CPU.ActiveCfg = Debug|Any CPU
		{B9B6F174-446C-4CE9-A47E-BB7AD25D1F7A}.Debug|Any CPU.Build.0 = Debug|Any CPU
		{B9B6F174-446C-4CE9-A47E-BB7AD25D1F7A}.Release|Any CPU.ActiveCfg = Release|Any CPU
		{B9B6F174-446C-4CE9-A47E-BB7AD25D1F7A}.Release|Any CPU.Build.0 = Release|Any CPU
	EndGlobalSection
	GlobalSection(SolutionProperties) = preSolution
		HideSolutionNode = FALSE
	EndGlobalSection
	GlobalSection(ExtensibilityGlobals) = postSolution
		SolutionGuid = {AB0FA63D-B2F6-4980-9945-DB184C371021}
	EndGlobalSection
EndGlobal
